# This file is automatically @generated by Cargo.
# It is not intended for manual editing.
version = 3

[[package]]
name = "arrayvec"
version = "0.7.2"
source = "registry+https://github.com/rust-lang/crates.io-index"
checksum = "8da52d66c7071e2e3fa2a1e5c6d088fec47b593032b254f5e980de8ea54454d6"

[[package]]
name = "bitflags"
version = "1.3.2"
source = "registry+https://github.com/rust-lang/crates.io-index"
checksum = "bef38d45163c2f1dde094a7dfd33ccf595c92905c8f8f4fdc18d06fb1037718a"

[[package]]
name = "bytemuck"
version = "1.13.1"
source = "registry+https://github.com/rust-lang/crates.io-index"
checksum = "17febce684fd15d89027105661fec94afb475cb995fbc59d2865198446ba2eea"

[[package]]
name = "cfg-if"
version = "1.0.0"
source = "registry+https://github.com/rust-lang/crates.io-index"
checksum = "baf1de4339761588bc0619e3cbc0120ee582ebb74b53b4efbf79117bd2da40fd"

[[package]]
name = "encoding_rs"
version = "0.8.32"
source = "registry+https://github.com/rust-lang/crates.io-index"
checksum = "071a31f4ee85403370b58aca746f01041ede6f0da2730960ad001edc2b71b394"
dependencies = [
 "cfg-if",
]

[[package]]
name = "flacsqueeze"
version = "0.1.0"
dependencies = [
 "num-format",
 "symphonia",
]

[[package]]
name = "itoa"
version = "1.0.6"
source = "registry+https://github.com/rust-lang/crates.io-index"
checksum = "453ad9f582a441959e5f0d088b02ce04cfe8d51a8eaf077f12ac6d3e94164ca6"

[[package]]
name = "lazy_static"
version = "1.4.0"
source = "registry+https://github.com/rust-lang/crates.io-index"
checksum = "e2abad23fbc42b3700f2f279844dc832adb2b2eb069b2df918f455c4e18cc646"

[[package]]
name = "log"
version = "0.4.17"
source = "registry+https://github.com/rust-lang/crates.io-index"
checksum = "abb12e687cfb44aa40f41fc3978ef76448f9b6038cad6aef4259d3c095a2382e"
dependencies = [
 "cfg-if",
]

[[package]]
name = "num-format"
version = "0.4.4"
source = "registry+https://github.com/rust-lang/crates.io-index"
checksum = "a652d9771a63711fd3c3deb670acfbe5c30a4072e664d7a3bf5a9e1056ac72c3"
dependencies = [
 "arrayvec",
 "itoa",
]

[[package]]
name = "symphonia"
version = "0.5.2"
source = "registry+https://github.com/rust-lang/crates.io-index"
checksum = "3671dd6f64f4f9d5c87179525054cfc1f60de23ba1f193bd6ceab812737403f1"
dependencies = [
 "lazy_static",
 "symphonia-bundle-flac",
 "symphonia-codec-adpcm",
 "symphonia-codec-pcm",
 "symphonia-codec-vorbis",
 "symphonia-core",
 "symphonia-format-mkv",
 "symphonia-format-ogg",
 "symphonia-format-wav",
 "symphonia-metadata",
]

[[package]]
name = "symphonia-bundle-flac"
version = "0.5.2"
source = "registry+https://github.com/rust-lang/crates.io-index"
checksum = "3dc2deed3204967871ba60f913378f95820cb47a2fe9b2eef5a9eedb417dfdc8"
dependencies = [
 "log",
 "symphonia-core",
 "symphonia-metadata",
 "symphonia-utils-xiph",
]

[[package]]
name = "symphonia-codec-adpcm"
version = "0.5.2"
source = "registry+https://github.com/rust-lang/crates.io-index"
checksum = "2a5cfb8d4405e26eb9593157dc45b05e102b8d774b38ed2a95946d6bb9e26e3e"
dependencies = [
 "log",
 "symphonia-core",
]

[[package]]
name = "symphonia-codec-pcm"
version = "0.5.2"
source = "registry+https://github.com/rust-lang/crates.io-index"
checksum = "8cb9a9f0b9991cccf3217b74644af412d5d082a4815e5e2943f26e0ecabdf3c9"
dependencies = [
 "log",
 "symphonia-core",
]

[[package]]
name = "symphonia-codec-vorbis"
version = "0.5.2"
source = "registry+https://github.com/rust-lang/crates.io-index"
checksum = "7dfed6f7b6bfa21d7cef1acefc8eae5db80df1608a1aca91871b07cbd28d7b74"
dependencies = [
 "log",
 "symphonia-core",
 "symphonia-utils-xiph",
]

[[package]]
name = "symphonia-core"
version = "0.5.2"
source = "registry+https://github.com/rust-lang/crates.io-index"
checksum = "6b9567e2d8a5f866b2f94f5d366d811e0c6826babcff6d37de9e1a6690d38869"
dependencies = [
 "arrayvec",
 "bitflags",
 "bytemuck",
 "lazy_static",
 "log",
]

[[package]]
name = "symphonia-format-mkv"
version = "0.5.2"
source = "registry+https://github.com/rust-lang/crates.io-index"
checksum = "1bd22f2def8c8f078495ad66111648bfc7d5222ee33774f2077cb665588f3119"
dependencies = [
 "lazy_static",
 "log",
 "symphonia-core",
 "symphonia-metadata",
 "symphonia-utils-xiph",
]

[[package]]
name = "symphonia-format-ogg"
version = "0.5.2"
source = "registry+https://github.com/rust-lang/crates.io-index"
checksum = "474df6e86b871dcb56913130bada1440245f483057c4a2d8a2981455494c4439"
dependencies = [
 "log",
 "symphonia-core",
 "symphonia-metadata",
 "symphonia-utils-xiph",
]

[[package]]
name = "symphonia-format-wav"
version = "0.5.2"
source = "registry+https://github.com/rust-lang/crates.io-index"
checksum = "06679bd5646b3037300f88891dfc8a6e1cc4e1133206cc17a98e5d7c22f88296"
dependencies = [
 "log",
 "symphonia-core",
 "symphonia-metadata",
]

[[package]]
name = "symphonia-metadata"
version = "0.5.2"
source = "registry+https://github.com/rust-lang/crates.io-index"
checksum = "acd35c263223ef6161000be79b124a75de3e065eea563bf3ef169b3e94c7bb2e"
dependencies = [
 "encoding_rs",
 "lazy_static",
 "log",
 "symphonia-core",
]

[[package]]
name = "symphonia-utils-xiph"
version = "0.5.2"
source = "registry+https://github.com/rust-lang/crates.io-index"
checksum = "ce340a6c33ac06cb42de01220308ec056e8a2a3d5cc664aaf34567392557136b"
dependencies = [
 "symphonia-core",
 "symphonia-metadata",
]
